github.com/seefan/goerr v1.0.0 h1:07ljQS0bIDBJx/zBq1WAsm9RQEmYLXE4wNwS229SUaU=
github.com/seefan/goerr v1.0.0/go.mod h1:gipDsSn2T2Jwf0q9bl6K0CGyhvfNZiI8/Bi0MfsS258=
github.com/seefan/gopool v1.0.0 h1:O7piz08vy7fG9r7eMxHIzqquSyZcLDyY4vyUAFW1wSE=
github.com/seefan/gopool v1.0.0/go.mod h1:qeEwXCZZiKI7K2lY/axLyYpduwy7b4JgC8IZaLQVLiA=
